
Microsoft Visual Studio Solution File, Format Version 12.00
# Visual Studio Version 17
VisualStudioVersion = 17.3.32929.385
MinimumVisualStudioVersion = 10.0.40219.1
Project("{9A19103F-16F7-4668-BE54-9A1E7A4F7556}") = "Corsinvest.AppHero.Core", "src\Corsinvest.AppHero.Core\Corsinvest.AppHero.Core.csproj", "{3C46C2BB-8A40-4F6E-B8AA-20C01954F47B}"
EndProject
Project("{9A19103F-16F7-4668-BE54-9A1E7A4F7556}") = "Corsinvest.AppHero.AppBss", "src\Corsinvest.AppHero.AppBss\Corsinvest.AppHero.AppBss.csproj", "{037AE2FF-A90E-4272-8456-B393E296B2EA}"
EndProject
Project("{9A19103F-16F7-4668-BE54-9A1E7A4F7556}") = "Corsinvest.AppHero.Localization", "src\Corsinvest.AppHero.Localization\Corsinvest.AppHero.Localization.csproj", "{16B99C47-2B13-40AD-8D98-5649D4FF5F28}"
EndProject
Project("{9A19103F-16F7-4668-BE54-9A1E7A4F7556}") = "Corsinvest.AppHero.Core.MudBlazorUI", "src\Corsinvest.AppHero.Core.MudBlazorUI\Corsinvest.AppHero.Core.MudBlazorUI.csproj", "{2779A5E5-3D4D-4B12-BBC2-BDD6FD6C8EE3}"
EndProject
Project("{9A19103F-16F7-4668-BE54-9A1E7A4F7556}") = "Corsinvest.AppHero.Localization.MudBlazorUI", "src\Corsinvest.AppHero.Localization.MudBlazorUI\Corsinvest.AppHero.Localization.MudBlazorUI.csproj", "{C2B37DD7-873B-4196-A4A3-A33B343D4C91}"
EndProject
Project("{9A19103F-16F7-4668-BE54-9A1E7A4F7556}") = "Corsinvest.AppHero.Translation", "src\Corsinvest.AppHero.Translation\Corsinvest.AppHero.Translation.csproj", "{F1C13772-780D-4278-A7B6-F440FB430937}"
EndProject
Project("{9A19103F-16F7-4668-BE54-9A1E7A4F7556}") = "Corsinvest.AppHero.HangFire", "src\Corsinvest.AppHero.HangFire\Corsinvest.AppHero.HangFire.csproj", "{027072E6-ABAD-4ACE-8E7F-93C41F6F1673}"
EndProject
Project("{9A19103F-16F7-4668-BE54-9A1E7A4F7556}") = "Corsinvest.AppHero.Serilog", "src\Corsinvest.AppHero.Serilog\Corsinvest.AppHero.Serilog.csproj", "{A6AC10D1-C2FF-4267-9890-EEEB8EAE40DF}"
EndProject
Project("{2150E333-8FDC-42A3-9474-1A3956D46DE8}") = "Common", "Common", "{55F1BFBD-F046-4BA8-81FB-C878E88D5D99}"
	ProjectSection(SolutionItems) = preProject
		.gitignore = .gitignore
		src\common.props = src\common.props
		icon.png = icon.png
		LICENSE = LICENSE
		src\Todo.txt = src\Todo.txt
		README.md = README.md
	EndProjectSection
EndProject
Project("{2150E333-8FDC-42A3-9474-1A3956D46DE8}") = "MudBlazor", "MudBlazor", "{B8982632-BB29-413F-9B7C-E6BF6FAD2D7D}"
EndProject
Project("{9A19103F-16F7-4668-BE54-9A1E7A4F7556}") = "Corsinvest.AppHero.Core.BaseUI", "src\Corsinvest.AppHero.Core.BaseUI\Corsinvest.AppHero.Core.BaseUI.csproj", "{C4FBB945-91E0-4EDA-BF79-0E9E6B264424}"
EndProject
Project("{2150E333-8FDC-42A3-9474-1A3956D46DE8}") = "Modules", "Modules", "{CB169F57-323A-4C1F-8F60-CAD39DBED4ED}"
EndProject
Project("{2150E333-8FDC-42A3-9474-1A3956D46DE8}") = "Core", "Core", "{CB20792C-62DB-4ACE-9DF1-6342BCA24D12}"
EndProject
Project("{2150E333-8FDC-42A3-9474-1A3956D46DE8}") = "Templates", "Templates", "{96DEB376-8571-4DF8-858B-882D21008FD7}"
EndProject
Project("{9A19103F-16F7-4668-BE54-9A1E7A4F7556}") = "Corsinvest.AppHero.Authentication", "src\Corsinvest.AppHero.Authentication\Corsinvest.AppHero.Authentication.csproj", "{451FC3AE-2591-4673-B553-6FC4BD2B2E9A}"
EndProject
Project("{9A19103F-16F7-4668-BE54-9A1E7A4F7556}") = "Corsinvest.AppHero.Authentication.MudBlazorUI", "src\Corsinvest.AppHero.Authentication.MudBlazorUI\Corsinvest.AppHero.Authentication.MudBlazorUI.csproj", "{D7F4952B-0A79-42BC-A327-9830867477F9}"
EndProject
Project("{2150E333-8FDC-42A3-9474-1A3956D46DE8}") = "Razden", "Razden", "{AC85929A-3C37-449B-B941-7BEDB3B676A7}"
EndProject
Project("{9A19103F-16F7-4668-BE54-9A1E7A4F7556}") = "Corsinvest.AppHero.Core.RazdenUI", "src\Corsinvest.AppHero.Core.RazdenUI\Corsinvest.AppHero.Core.RazdenUI.csproj", "{44A5FD14-6DBF-45C6-8D72-70E8D3C04CA9}"
EndProject
Project("{2150E333-8FDC-42A3-9474-1A3956D46DE8}") = "FluentUI", "FluentUI", "{9784A144-2746-4273-95F7-1EA89F834522}"
EndProject
Project("{9A19103F-16F7-4668-BE54-9A1E7A4F7556}") = "Corsinvest.AppHero.Core.FluentUI", "src\Corsinvest.AppHero.Core.FluentUI\Corsinvest.AppHero.Core.FluentUI.csproj", "{74C6BD75-0EF8-4C0C-98E4-BB527B2115A8}"
EndProject
Project("{2150E333-8FDC-42A3-9474-1A3956D46DE8}") = "UI", "UI", "{C446C98D-4645-4808-B288-583BBEA39EB3}"
EndProject
Project("{2150E333-8FDC-42A3-9474-1A3956D46DE8}") = "Blazor", "Blazor", "{FB0CD05E-3F8B-4705-BA55-6813FA364C72}"
EndProject
Project("{9A19103F-16F7-4668-BE54-9A1E7A4F7556}") = "Corsinvest.AppHero.Notification.Telegram", "src\Corsinvest.AppHero.Notification.Telegram\Corsinvest.AppHero.Notification.Telegram.csproj", "{0A5FE3D6-2D2A-4EA4-9319-792D9CCC6A7C}"
EndProject
Project("{9A19103F-16F7-4668-BE54-9A1E7A4F7556}") = "Corsinvest.AppHero.Auditing", "src\Corsinvest.AppHero.Auditing\Corsinvest.AppHero.Auditing.csproj", "{52FBE87C-BA1B-42CE-9340-EADD7FF0B8BB}"
EndProject
Project("{9A19103F-16F7-4668-BE54-9A1E7A4F7556}") = "Corsinvest.AppHero.Auditing.MudBlazorUI", "src\Corsinvest.AppHero.Auditing.MudBlazorUI\Corsinvest.AppHero.Auditing.MudBlazorUI.csproj", "{FF142A3B-5D67-4A6A-B096-194F8459287E}"
EndProject
Global
	GlobalSection(SolutionConfigurationPlatforms) = preSolution
		Debug|Any CPU = Debug|Any CPU
		Debug|arm64 = Debug|arm64
		Debug|x86 = Debug|x86
		Release|Any CPU = Release|Any CPU
		Release|arm64 = Release|arm64
		Release|x86 = Release|x86
	EndGlobalSection
	GlobalSection(ProjectConfigurationPlatforms) = postSolution
		{3C46C2BB-8A40-4F6E-B8AA-20C01954F47B}.Debug|Any CPU.ActiveCfg = Debug|Any CPU
		{3C46C2BB-8A40-4F6E-B8AA-20C01954F47B}.Debug|Any CPU.Build.0 = Debug|Any CPU
		{3C46C2BB-8A40-4F6E-B8AA-20C01954F47B}.Debug|arm64.ActiveCfg = Debug|Any CPU
		{3C46C2BB-8A40-4F6E-B8AA-20C01954F47B}.Debug|arm64.Build.0 = Debug|Any CPU
		{3C46C2BB-8A40-4F6E-B8AA-20C01954F47B}.Debug|x86.ActiveCfg = Debug|Any CPU
		{3C46C2BB-8A40-4F6E-B8AA-20C01954F47B}.Debug|x86.Build.0 = Debug|Any CPU
		{3C46C2BB-8A40-4F6E-B8AA-20C01954F47B}.Release|Any CPU.ActiveCfg = Release|Any CPU
		{3C46C2BB-8A40-4F6E-B8AA-20C01954F47B}.Release|Any CPU.Build.0 = Release|Any CPU
		{3C46C2BB-8A40-4F6E-B8AA-20C01954F47B}.Release|arm64.ActiveCfg = Release|Any CPU
		{3C46C2BB-8A40-4F6E-B8AA-20C01954F47B}.Release|arm64.Build.0 = Release|Any CPU
		{3C46C2BB-8A40-4F6E-B8AA-20C01954F47B}.Release|x86.ActiveCfg = Release|Any CPU
		{3C46C2BB-8A40-4F6E-B8AA-20C01954F47B}.Release|x86.Build.0 = Release|Any CPU
		{037AE2FF-A90E-4272-8456-B393E296B2EA}.Debug|Any CPU.ActiveCfg = Debug|Any CPU
		{037AE2FF-A90E-4272-8456-B393E296B2EA}.Debug|Any CPU.Build.0 = Debug|Any CPU
		{037AE2FF-A90E-4272-8456-B393E296B2EA}.Debug|arm64.ActiveCfg = Debug|Any CPU
		{037AE2FF-A90E-4272-8456-B393E296B2EA}.Debug|arm64.Build.0 = Debug|Any CPU
		{037AE2FF-A90E-4272-8456-B393E296B2EA}.Debug|x86.ActiveCfg = Debug|Any CPU
		{037AE2FF-A90E-4272-8456-B393E296B2EA}.Debug|x86.Build.0 = Debug|Any CPU
		{037AE2FF-A90E-4272-8456-B393E296B2EA}.Release|Any CPU.ActiveCfg = Release|Any CPU
		{037AE2FF-A90E-4272-8456-B393E296B2EA}.Release|Any CPU.Build.0 = Release|Any CPU
		{037AE2FF-A90E-4272-8456-B393E296B2EA}.Release|arm64.ActiveCfg = Release|Any CPU
		{037AE2FF-A90E-4272-8456-B393E296B2EA}.Release|arm64.Build.0 = Release|Any CPU
		{037AE2FF-A90E-4272-8456-B393E296B2EA}.Release|x86.ActiveCfg = Release|Any CPU
		{037AE2FF-A90E-4272-8456-B393E296B2EA}.Release|x86.Build.0 = Release|Any CPU
		{16B99C47-2B13-40AD-8D98-5649D4FF5F28}.Debug|Any CPU.ActiveCfg = Debug|Any CPU
		{16B99C47-2B13-40AD-8D98-5649D4FF5F28}.Debug|Any CPU.Build.0 = Debug|Any CPU
		{16B99C47-2B13-40AD-8D98-5649D4FF5F28}.Debug|arm64.ActiveCfg = Debug|Any CPU
		{16B99C47-2B13-40AD-8D98-5649D4FF5F28}.Debug|arm64.Build.0 = Debug|Any CPU
		{16B99C47-2B13-40AD-8D98-5649D4FF5F28}.Debug|x86.ActiveCfg = Debug|Any CPU
		{16B99C47-2B13-40AD-8D98-5649D4FF5F28}.Debug|x86.Build.0 = Debug|Any CPU
		{16B99C47-2B13-40AD-8D98-5649D4FF5F28}.Release|Any CPU.ActiveCfg = Release|Any CPU
		{16B99C47-2B13-40AD-8D98-5649D4FF5F28}.Release|Any CPU.Build.0 = Release|Any CPU
		{16B99C47-2B13-40AD-8D98-5649D4FF5F28}.Release|arm64.ActiveCfg = Release|Any CPU
		{16B99C47-2B13-40AD-8D98-5649D4FF5F28}.Release|arm64.Build.0 = Release|Any CPU
		{16B99C47-2B13-40AD-8D98-5649D4FF5F28}.Release|x86.ActiveCfg = Release|Any CPU
		{16B99C47-2B13-40AD-8D98-5649D4FF5F28}.Release|x86.Build.0 = Release|Any CPU
		{2779A5E5-3D4D-4B12-BBC2-BDD6FD6C8EE3}.Debug|Any CPU.ActiveCfg = Debug|Any CPU
		{2779A5E5-3D4D-4B12-BBC2-BDD6FD6C8EE3}.Debug|Any CPU.Build.0 = Debug|Any CPU
		{2779A5E5-3D4D-4B12-BBC2-BDD6FD6C8EE3}.Debug|arm64.ActiveCfg = Debug|Any CPU
		{2779A5E5-3D4D-4B12-BBC2-BDD6FD6C8EE3}.Debug|arm64.Build.0 = Debug|Any CPU
		{2779A5E5-3D4D-4B12-BBC2-BDD6FD6C8EE3}.Debug|x86.ActiveCfg = Debug|Any CPU
		{2779A5E5-3D4D-4B12-BBC2-BDD6FD6C8EE3}.Debug|x86.Build.0 = Debug|Any CPU
		{2779A5E5-3D4D-4B12-BBC2-BDD6FD6C8EE3}.Release|Any CPU.ActiveCfg = Release|Any CPU
		{2779A5E5-3D4D-4B12-BBC2-BDD6FD6C8EE3}.Release|Any CPU.Build.0 = Release|Any CPU
		{2779A5E5-3D4D-4B12-BBC2-BDD6FD6C8EE3}.Release|arm64.ActiveCfg = Release|Any CPU
		{2779A5E5-3D4D-4B12-BBC2-BDD6FD6C8EE3}.Release|arm64.Build.0 = Release|Any CPU
		{2779A5E5-3D4D-4B12-BBC2-BDD6FD6C8EE3}.Release|x86.ActiveCfg = Release|Any CPU
		{2779A5E5-3D4D-4B12-BBC2-BDD6FD6C8EE3}.Release|x86.Build.0 = Release|Any CPU
		{C2B37DD7-873B-4196-A4A3-A33B343D4C91}.Debug|Any CPU.ActiveCfg = Debug|Any CPU
		{C2B37DD7-873B-4196-A4A3-A33B343D4C91}.Debug|Any CPU.Build.0 = Debug|Any CPU
		{C2B37DD7-873B-4196-A4A3-A33B343D4C91}.Debug|arm64.ActiveCfg = Debug|Any CPU
		{C2B37DD7-873B-4196-A4A3-A33B343D4C91}.Debug|arm64.Build.0 = Debug|Any CPU
		{C2B37DD7-873B-4196-A4A3-A33B343D4C91}.Debug|x86.ActiveCfg = Debug|Any CPU
		{C2B37DD7-873B-4196-A4A3-A33B343D4C91}.Debug|x86.Build.0 = Debug|Any CPU
		{C2B37DD7-873B-4196-A4A3-A33B343D4C91}.Release|Any CPU.ActiveCfg = Release|Any CPU
		{C2B37DD7-873B-4196-A4A3-A33B343D4C91}.Release|Any CPU.Build.0 = Release|Any CPU
		{C2B37DD7-873B-4196-A4A3-A33B343D4C91}.Release|arm64.ActiveCfg = Release|Any CPU
		{C2B37DD7-873B-4196-A4A3-A33B343D4C91}.Release|arm64.Build.0 = Release|Any CPU
		{C2B37DD7-873B-4196-A4A3-A33B343D4C91}.Release|x86.ActiveCfg = Release|Any CPU
		{C2B37DD7-873B-4196-A4A3-A33B343D4C91}.Release|x86.Build.0 = Release|Any CPU
		{F1C13772-780D-4278-A7B6-F440FB430937}.Debug|Any CPU.ActiveCfg = Debug|Any CPU
		{F1C13772-780D-4278-A7B6-F440FB430937}.Debug|Any CPU.Build.0 = Debug|Any CPU
		{F1C13772-780D-4278-A7B6-F440FB430937}.Debug|arm64.ActiveCfg = Debug|Any CPU
		{F1C13772-780D-4278-A7B6-F440FB430937}.Debug|arm64.Build.0 = Debug|Any CPU
		{F1C13772-780D-4278-A7B6-F440FB430937}.Debug|x86.ActiveCfg = Debug|Any CPU
		{F1C13772-780D-4278-A7B6-F440FB430937}.Debug|x86.Build.0 = Debug|Any CPU
		{F1C13772-780D-4278-A7B6-F440FB430937}.Release|Any CPU.ActiveCfg = Release|Any CPU
		{F1C13772-780D-4278-A7B6-F440FB430937}.Release|Any CPU.Build.0 = Release|Any CPU
		{F1C13772-780D-4278-A7B6-F440FB430937}.Release|arm64.ActiveCfg = Release|Any CPU
		{F1C13772-780D-4278-A7B6-F440FB430937}.Release|arm64.Build.0 = Release|Any CPU
		{F1C13772-780D-4278-A7B6-F440FB430937}.Release|x86.ActiveCfg = Release|Any CPU
		{F1C13772-780D-4278-A7B6-F440FB430937}.Release|x86.Build.0 = Release|Any CPU
		{027072E6-ABAD-4ACE-8E7F-93C41F6F1673}.Debug|Any CPU.ActiveCfg = Debug|Any CPU
		{027072E6-ABAD-4ACE-8E7F-93C41F6F1673}.Debug|Any CPU.Build.0 = Debug|Any CPU
		{027072E6-ABAD-4ACE-8E7F-93C41F6F1673}.Debug|arm64.ActiveCfg = Debug|Any CPU
		{027072E6-ABAD-4ACE-8E7F-93C41F6F1673}.Debug|arm64.Build.0 = Debug|Any CPU
		{027072E6-ABAD-4ACE-8E7F-93C41F6F1673}.Debug|x86.ActiveCfg = Debug|Any CPU
		{027072E6-ABAD-4ACE-8E7F-93C41F6F1673}.Debug|x86.Build.0 = Debug|Any CPU
		{027072E6-ABAD-4ACE-8E7F-93C41F6F1673}.Release|Any CPU.ActiveCfg = Release|Any CPU
		{027072E6-ABAD-4ACE-8E7F-93C41F6F1673}.Release|Any CPU.Build.0 = Release|Any CPU
		{027072E6-ABAD-4ACE-8E7F-93C41F6F1673}.Release|arm64.ActiveCfg = Release|Any CPU
		{027072E6-ABAD-4ACE-8E7F-93C41F6F1673}.Release|arm64.Build.0 = Release|Any CPU
		{027072E6-ABAD-4ACE-8E7F-93C41F6F1673}.Release|x86.ActiveCfg = Release|Any CPU
		{027072E6-ABAD-4ACE-8E7F-93C41F6F1673}.Release|x86.Build.0 = Release|Any CPU
		{A6AC10D1-C2FF-4267-9890-EEEB8EAE40DF}.Debug|Any CPU.ActiveCfg = Debug|Any CPU
		{A6AC10D1-C2FF-4267-9890-EEEB8EAE40DF}.Debug|Any CPU.Build.0 = Debug|Any CPU
		{A6AC10D1-C2FF-4267-9890-EEEB8EAE40DF}.Debug|arm64.ActiveCfg = Debug|Any CPU
		{A6AC10D1-C2FF-4267-9890-EEEB8EAE40DF}.Debug|arm64.Build.0 = Debug|Any CPU
		{A6AC10D1-C2FF-4267-9890-EEEB8EAE40DF}.Debug|x86.ActiveCfg = Debug|Any CPU
		{A6AC10D1-C2FF-4267-9890-EEEB8EAE40DF}.Debug|x86.Build.0 = Debug|Any CPU
		{A6AC10D1-C2FF-4267-9890-EEEB8EAE40DF}.Release|Any CPU.ActiveCfg = Release|Any CPU
		{A6AC10D1-C2FF-4267-9890-EEEB8EAE40DF}.Release|Any CPU.Build.0 = Release|Any CPU
		{A6AC10D1-C2FF-4267-9890-EEEB8EAE40DF}.Release|arm64.ActiveCfg = Release|Any CPU
		{A6AC10D1-C2FF-4267-9890-EEEB8EAE40DF}.Release|arm64.Build.0 = Release|Any CPU
		{A6AC10D1-C2FF-4267-9890-EEEB8EAE40DF}.Release|x86.ActiveCfg = Release|Any CPU
		{A6AC10D1-C2FF-4267-9890-EEEB8EAE40DF}.Release|x86.Build.0 = Release|Any CPU
		{C4FBB945-91E0-4EDA-BF79-0E9E6B264424}.Debug|Any CPU.ActiveCfg = Debug|Any CPU
		{C4FBB945-91E0-4EDA-BF79-0E9E6B264424}.Debug|Any CPU.Build.0 = Debug|Any CPU
		{C4FBB945-91E0-4EDA-BF79-0E9E6B264424}.Debug|arm64.ActiveCfg = Debug|Any CPU
		{C4FBB945-91E0-4EDA-BF79-0E9E6B264424}.Debug|arm64.Build.0 = Debug|Any CPU
		{C4FBB945-91E0-4EDA-BF79-0E9E6B264424}.Debug|x86.ActiveCfg = Debug|Any CPU
		{C4FBB945-91E0-4EDA-BF79-0E9E6B264424}.Debug|x86.Build.0 = Debug|Any CPU
		{C4FBB945-91E0-4EDA-BF79-0E9E6B264424}.Release|Any CPU.ActiveCfg = Release|Any CPU
		{C4FBB945-91E0-4EDA-BF79-0E9E6B264424}.Release|Any CPU.Build.0 = Release|Any CPU
		{C4FBB945-91E0-4EDA-BF79-0E9E6B264424}.Release|arm64.ActiveCfg = Release|Any CPU
		{C4FBB945-91E0-4EDA-BF79-0E9E6B264424}.Release|arm64.Build.0 = Release|Any CPU
		{C4FBB945-91E0-4EDA-BF79-0E9E6B264424}.Release|x86.ActiveCfg = Release|Any CPU
		{C4FBB945-91E0-4EDA-BF79-0E9E6B264424}.Release|x86.Build.0 = Release|Any CPU
		{451FC3AE-2591-4673-B553-6FC4BD2B2E9A}.Debug|Any CPU.ActiveCfg = Debug|Any CPU
		{451FC3AE-2591-4673-B553-6FC4BD2B2E9A}.Debug|Any CPU.Build.0 = Debug|Any CPU
		{451FC3AE-2591-4673-B553-6FC4BD2B2E9A}.Debug|arm64.ActiveCfg = Debug|Any CPU
		{451FC3AE-2591-4673-B553-6FC4BD2B2E9A}.Debug|arm64.Build.0 = Debug|Any CPU
		{451FC3AE-2591-4673-B553-6FC4BD2B2E9A}.Debug|x86.ActiveCfg = Debug|Any CPU
		{451FC3AE-2591-4673-B553-6FC4BD2B2E9A}.Debug|x86.Build.0 = Debug|Any CPU
		{451FC3AE-2591-4673-B553-6FC4BD2B2E9A}.Release|Any CPU.ActiveCfg = Release|Any CPU
		{451FC3AE-2591-4673-B553-6FC4BD2B2E9A}.Release|Any CPU.Build.0 = Release|Any CPU
		{451FC3AE-2591-4673-B553-6FC4BD2B2E9A}.Release|arm64.ActiveCfg = Release|Any CPU
		{451FC3AE-2591-4673-B553-6FC4BD2B2E9A}.Release|arm64.Build.0 = Release|Any CPU
		{451FC3AE-2591-4673-B553-6FC4BD2B2E9A}.Release|x86.ActiveCfg = Release|Any CPU
		{451FC3AE-2591-4673-B553-6FC4BD2B2E9A}.Release|x86.Build.0 = Release|Any CPU
		{D7F4952B-0A79-42BC-A327-9830867477F9}.Debug|Any CPU.ActiveCfg = Debug|Any CPU
		{D7F4952B-0A79-42BC-A327-9830867477F9}.Debug|Any CPU.Build.0 = Debug|Any CPU
		{D7F4952B-0A79-42BC-A327-9830867477F9}.Debug|arm64.ActiveCfg = Debug|Any CPU
		{D7F4952B-0A79-42BC-A327-9830867477F9}.Debug|arm64.Build.0 = Debug|Any CPU
		{D7F4952B-0A79-42BC-A327-9830867477F9}.Debug|x86.ActiveCfg = Debug|Any CPU
		{D7F4952B-0A79-42BC-A327-9830867477F9}.Debug|x86.Build.0 = Debug|Any CPU
		{D7F4952B-0A79-42BC-A327-9830867477F9}.Release|Any CPU.ActiveCfg = Release|Any CPU
		{D7F4952B-0A79-42BC-A327-9830867477F9}.Release|Any CPU.Build.0 = Release|Any CPU
		{D7F4952B-0A79-42BC-A327-9830867477F9}.Release|arm64.ActiveCfg = Release|Any CPU
		{D7F4952B-0A79-42BC-A327-9830867477F9}.Release|arm64.Build.0 = Release|Any CPU
		{D7F4952B-0A79-42BC-A327-9830867477F9}.Release|x86.ActiveCfg = Release|Any CPU
		{D7F4952B-0A79-42BC-A327-9830867477F9}.Release|x86.Build.0 = Release|Any CPU
		{44A5FD14-6DBF-45C6-8D72-70E8D3C04CA9}.Debug|Any CPU.ActiveCfg = Debug|Any CPU
		{44A5FD14-6DBF-45C6-8D72-70E8D3C04CA9}.Debug|Any CPU.Build.0 = Debug|Any CPU
		{44A5FD14-6DBF-45C6-8D72-70E8D3C04CA9}.Debug|arm64.ActiveCfg = Debug|Any CPU
		{44A5FD14-6DBF-45C6-8D72-70E8D3C04CA9}.Debug|arm64.Build.0 = Debug|Any CPU
		{44A5FD14-6DBF-45C6-8D72-70E8D3C04CA9}.Debug|x86.ActiveCfg = Debug|Any CPU
		{44A5FD14-6DBF-45C6-8D72-70E8D3C04CA9}.Debug|x86.Build.0 = Debug|Any CPU
		{44A5FD14-6DBF-45C6-8D72-70E8D3C04CA9}.Release|Any CPU.ActiveCfg = Release|Any CPU
		{44A5FD14-6DBF-45C6-8D72-70E8D3C04CA9}.Release|Any CPU.Build.0 = Release|Any CPU
		{44A5FD14-6DBF-45C6-8D72-70E8D3C04CA9}.Release|arm64.ActiveCfg = Release|Any CPU
		{44A5FD14-6DBF-45C6-8D72-70E8D3C04CA9}.Release|arm64.Build.0 = Release|Any CPU
		{44A5FD14-6DBF-45C6-8D72-70E8D3C04CA9}.Release|x86.ActiveCfg = Release|Any CPU
		{44A5FD14-6DBF-45C6-8D72-70E8D3C04CA9}.Release|x86.Build.0 = Release|Any CPU
		{74C6BD75-0EF8-4C0C-98E4-BB527B2115A8}.Debug|Any CPU.ActiveCfg = Debug|Any CPU
		{74C6BD75-0EF8-4C0C-98E4-BB527B2115A8}.Debug|Any CPU.Build.0 = Debug|Any CPU
		{74C6BD75-0EF8-4C0C-98E4-BB527B2115A8}.Debug|arm64.ActiveCfg = Debug|Any CPU
		{74C6BD75-0EF8-4C0C-98E4-BB527B2115A8}.Debug|arm64.Build.0 = Debug|Any CPU
		{74C6BD75-0EF8-4C0C-98E4-BB527B2115A8}.Debug|x86.ActiveCfg = Debug|Any CPU
		{74C6BD75-0EF8-4C0C-98E4-BB527B2115A8}.Debug|x86.Build.0 = Debug|Any CPU
		{74C6BD75-0EF8-4C0C-98E4-BB527B2115A8}.Release|Any CPU.ActiveCfg = Release|Any CPU
		{74C6BD75-0EF8-4C0C-98E4-BB527B2115A8}.Release|Any CPU.Build.0 = Release|Any CPU
		{74C6BD75-0EF8-4C0C-98E4-BB527B2115A8}.Release|arm64.ActiveCfg = Release|Any CPU
		{74C6BD75-0EF8-4C0C-98E4-BB527B2115A8}.Release|arm64.Build.0 = Release|Any CPU
		{74C6BD75-0EF8-4C0C-98E4-BB527B2115A8}.Release|x86.ActiveCfg = Release|Any CPU
		{74C6BD75-0EF8-4C0C-98E4-BB527B2115A8}.Release|x86.Build.0 = Release|Any CPU
		{0A5FE3D6-2D2A-4EA4-9319-792D9CCC6A7C}.Debug|Any CPU.ActiveCfg = Debug|Any CPU
		{0A5FE3D6-2D2A-4EA4-9319-792D9CCC6A7C}.Debug|Any CPU.Build.0 = Debug|Any CPU
		{0A5FE3D6-2D2A-4EA4-9319-792D9CCC6A7C}.Debug|arm64.ActiveCfg = Debug|Any CPU
		{0A5FE3D6-2D2A-4EA4-9319-792D9CCC6A7C}.Debug|arm64.Build.0 = Debug|Any CPU
		{0A5FE3D6-2D2A-4EA4-9319-792D9CCC6A7C}.Debug|x86.ActiveCfg = Debug|Any CPU
		{0A5FE3D6-2D2A-4EA4-9319-792D9CCC6A7C}.Debug|x86.Build.0 = Debug|Any CPU
		{0A5FE3D6-2D2A-4EA4-9319-792D9CCC6A7C}.Release|Any CPU.ActiveCfg = Release|Any CPU
		{0A5FE3D6-2D2A-4EA4-9319-792D9CCC6A7C}.Release|Any CPU.Build.0 = Release|Any CPU
		{0A5FE3D6-2D2A-4EA4-9319-792D9CCC6A7C}.Release|arm64.ActiveCfg = Release|Any CPU
		{0A5FE3D6-2D2A-4EA4-9319-792D9CCC6A7C}.Release|arm64.Build.0 = Release|Any CPU
		{0A5FE3D6-2D2A-4EA4-9319-792D9CCC6A7C}.Release|x86.ActiveCfg = Release|Any CPU
		{0A5FE3D6-2D2A-4EA4-9319-792D9CCC6A7C}.Release|x86.Build.0 = Release|Any CPU
		{52FBE87C-BA1B-42CE-9340-EADD7FF0B8BB}.Debug|Any CPU.ActiveCfg = Debug|Any CPU
		{52FBE87C-BA1B-42CE-9340-EADD7FF0B8BB}.Debug|Any CPU.Build.0 = Debug|Any CPU
		{52FBE87C-BA1B-42CE-9340-EADD7FF0B8BB}.Debug|arm64.ActiveCfg = Debug|Any CPU
		{52FBE87C-BA1B-42CE-9340-EADD7FF0B8BB}.Debug|arm64.Build.0 = Debug|Any CPU
		{52FBE87C-BA1B-42CE-9340-EADD7FF0B8BB}.Debug|x86.ActiveCfg = Debug|Any CPU
		{52FBE87C-BA1B-42CE-9340-EADD7FF0B8BB}.Debug|x86.Build.0 = Debug|Any CPU
		{52FBE87C-BA1B-42CE-9340-EADD7FF0B8BB}.Release|Any CPU.ActiveCfg = Release|Any CPU
		{52FBE87C-BA1B-42CE-9340-EADD7FF0B8BB}.Release|Any CPU.Build.0 = Release|Any CPU
		{52FBE87C-BA1B-42CE-9340-EADD7FF0B8BB}.Release|arm64.ActiveCfg = Release|Any CPU
		{52FBE87C-BA1B-42CE-9340-EADD7FF0B8BB}.Release|arm64.Build.0 = Release|Any CPU
		{52FBE87C-BA1B-42CE-9340-EADD7FF0B8BB}.Release|x86.ActiveCfg = Release|Any CPU
		{52FBE87C-BA1B-42CE-9340-EADD7FF0B8BB}.Release|x86.Build.0 = Release|Any CPU
		{FF142A3B-5D67-4A6A-B096-194F8459287E}.Debug|Any CPU.ActiveCfg = Debug|Any CPU
		{FF142A3B-5D67-4A6A-B096-194F8459287E}.Debug|Any CPU.Build.0 = Debug|Any CPU
		{FF142A3B-5D67-4A6A-B096-194F8459287E}.Debug|arm64.ActiveCfg = Debug|Any CPU
		{FF142A3B-5D67-4A6A-B096-194F8459287E}.Debug|arm64.Build.0 = Debug|Any CPU
		{FF142A3B-5D67-4A6A-B096-194F8459287E}.Debug|x86.ActiveCfg = Debug|Any CPU
		{FF142A3B-5D67-4A6A-B096-194F8459287E}.Debug|x86.Build.0 = Debug|Any CPU
		{FF142A3B-5D67-4A6A-B096-194F8459287E}.Release|Any CPU.ActiveCfg = Release|Any CPU
		{FF142A3B-5D67-4A6A-B096-194F8459287E}.Release|Any CPU.Build.0 = Release|Any CPU
		{FF142A3B-5D67-4A6A-B096-194F8459287E}.Release|arm64.ActiveCfg = Release|Any CPU
		{FF142A3B-5D67-4A6A-B096-194F8459287E}.Release|arm64.Build.0 = Release|Any CPU
		{FF142A3B-5D67-4A6A-B096-194F8459287E}.Release|x86.ActiveCfg = Release|Any CPU
		{FF142A3B-5D67-4A6A-B096-194F8459287E}.Release|x86.Build.0 = Release|Any CPU
	EndGlobalSection
	GlobalSection(SolutionProperties) = preSolution
		HideSolutionNode = FALSE
	EndGlobalSection
	GlobalSection(NestedProjects) = preSolution
		{3C46C2BB-8A40-4F6E-B8AA-20C01954F47B} = {CB20792C-62DB-4ACE-9DF1-6342BCA24D12}
		{037AE2FF-A90E-4272-8456-B393E296B2EA} = {96DEB376-8571-4DF8-858B-882D21008FD7}
		{16B99C47-2B13-40AD-8D98-5649D4FF5F28} = {CB169F57-323A-4C1F-8F60-CAD39DBED4ED}
		{2779A5E5-3D4D-4B12-BBC2-BDD6FD6C8EE3} = {B8982632-BB29-413F-9B7C-E6BF6FAD2D7D}
		{C2B37DD7-873B-4196-A4A3-A33B343D4C91} = {B8982632-BB29-413F-9B7C-E6BF6FAD2D7D}
		{F1C13772-780D-4278-A7B6-F440FB430937} = {CB169F57-323A-4C1F-8F60-CAD39DBED4ED}
		{027072E6-ABAD-4ACE-8E7F-93C41F6F1673} = {CB169F57-323A-4C1F-8F60-CAD39DBED4ED}
		{A6AC10D1-C2FF-4267-9890-EEEB8EAE40DF} = {CB169F57-323A-4C1F-8F60-CAD39DBED4ED}
		{B8982632-BB29-413F-9B7C-E6BF6FAD2D7D} = {FB0CD05E-3F8B-4705-BA55-6813FA364C72}
		{C4FBB945-91E0-4EDA-BF79-0E9E6B264424} = {FB0CD05E-3F8B-4705-BA55-6813FA364C72}
		{451FC3AE-2591-4673-B553-6FC4BD2B2E9A} = {CB169F57-323A-4C1F-8F60-CAD39DBED4ED}
		{D7F4952B-0A79-42BC-A327-9830867477F9} = {B8982632-BB29-413F-9B7C-E6BF6FAD2D7D}
		{AC85929A-3C37-449B-B941-7BEDB3B676A7} = {FB0CD05E-3F8B-4705-BA55-6813FA364C72}
		{44A5FD14-6DBF-45C6-8D72-70E8D3C04CA9} = {AC85929A-3C37-449B-B941-7BEDB3B676A7}
		{9784A144-2746-4273-95F7-1EA89F834522} = {FB0CD05E-3F8B-4705-BA55-6813FA364C72}
		{74C6BD75-0EF8-4C0C-98E4-BB527B2115A8} = {9784A144-2746-4273-95F7-1EA89F834522}
		{FB0CD05E-3F8B-4705-BA55-6813FA364C72} = {C446C98D-4645-4808-B288-583BBEA39EB3}
		{0A5FE3D6-2D2A-4EA4-9319-792D9CCC6A7C} = {CB169F57-323A-4C1F-8F60-CAD39DBED4ED}
		{52FBE87C-BA1B-42CE-9340-EADD7FF0B8BB} = {CB169F57-323A-4C1F-8F60-CAD39DBED4ED}
		{FF142A3B-5D67-4A6A-B096-194F8459287E} = {B8982632-BB29-413F-9B7C-E6BF6FAD2D7D}
	EndGlobalSection
	GlobalSection(ExtensibilityGlobals) = postSolution
		SolutionGuid = {60B460EF-C815-47AA-8C72-A3544D9960DB}
	EndGlobalSection
EndGlobal
